
Microsoft Visual Studio Solution File, Format Version 12.00
# Visual Studio Version 16
VisualStudioVersion = 16.0.29709.97
MinimumVisualStudioVersion = 10.0.40219.1
Project("{FAE04EC0-301F-11D3-BF4B-00C04F79EFBC}") = "OOSU1_Lab1", "OOSU1_Lab1.csproj", "{04F4E196-6E19-4D7A-90EE-DC866BD9E6F6}"
EndProject
Global
	GlobalSection(SolutionConfigurationPlatforms) = preSolution
		Debug|Any CPU = Debug|Any CPU
		Release|Any CPU = Release|Any CPU
	EndGlobalSection
	GlobalSection(ProjectConfigurationPlatforms) = postSolution
		{04F4E196-6E19-4D7A-90EE-DC866BD9E6F6}.Debug|Any CPU.ActiveCfg = Debug|Any CPU
		{04F4E196-6E19-4D7A-90EE-DC866BD9E6F6}.Debug|Any CPU.Build.0 = Debug|Any CPU
		{04F4E196-6E19-4D7A-90EE-DC866BD9E6F6}.Release|Any CPU.ActiveCfg = Release|Any CPU
		{04F4E196-6E19-4D7A-90EE-DC866BD9E6F6}.Release|Any CPU.Build.0 = Release|Any CPU
	EndGlobalSection
	GlobalSection(SolutionProperties) = preSolution
		HideSolutionNode = FALSE
	EndGlobalSection
	GlobalSection(ExtensibilityGlobals) = postSolution
		SolutionGuid = {FB639A37-5801-4F38-954A-53247538FCA8}
	EndGlobalSection
EndGlobal
